
Microsoft Visual Studio Solution File, Format Version 12.00
# Visual Studio 15
VisualStudioVersion = 15.0.28307.106
MinimumVisualStudioVersion = 10.0.40219.1
Project("{8BC9CEB8-8B4A-11D0-8D11-00A0C91BC942}") = "handwriting_recognition", "handwriting_recognition\handwriting_recognition.vcxproj", "{DA2DF86A-E4A4-4B9C-BC4A-802E0D0689FF}"
EndProject
Global
	GlobalSection(SolutionConfigurationPlatforms) = preSolution
		Debug|x64 = Debug|x64
		Debug|x86 = Debug|x86
		Release|x64 = Release|x64
		Release|x86 = Release|x86
	EndGlobalSection
	GlobalSection(ProjectConfigurationPlatforms) = postSolution
		{DA2DF86A-E4A4-4B9C-BC4A-802E0D0689FF}.Debug|x64.ActiveCfg = Debug|x64
		{DA2DF86A-E4A4-4B9C-BC4A-802E0D0689FF}.Debug|x64.Build.0 = Debug|x64
		{DA2DF86A-E4A4-4B9C-BC4A-802E0D0689FF}.Debug|x86.ActiveCfg = Debug|Win32
		{DA2DF86A-E4A4-4B9C-BC4A-802E0D0689FF}.Debug|x86.Build.0 = Debug|Win32
		{DA2DF86A-E4A4-4B9C-BC4A-802E0D0689FF}.Release|x64.ActiveCfg = Release|x64
		{DA2DF86A-E4A4-4B9C-BC4A-802E0D0689FF}.Release|x64.Build.0 = Release|x64
		{DA2DF86A-E4A4-4B9C-BC4A-802E0D0689FF}.Release|x86.ActiveCfg = Release|Win32
		{DA2DF86A-E4A4-4B9C-BC4A-802E0D0689FF}.Release|x86.Build.0 = Release|Win32
	EndGlobalSection
	GlobalSection(SolutionProperties) = preSolution
		HideSolutionNode = FALSE
	EndGlobalSection
	GlobalSection(ExtensibilityGlobals) = postSolution
		SolutionGuid = {62AE39FB-F6EC-4584-9E9A-8AD5D0AC23B9}
	EndGlobalSection
EndGlobal
